
Microsoft Visual Studio Solution File, Format Version 12.00
# Visual Studio Version 17
VisualStudioVersion = 17.9.34728.123
MinimumVisualStudioVersion = 10.0.40219.1
Project("{FAE04EC0-301F-11D3-BF4B-00C04F79EFBC}") = "pregunta 1", "pregunta 1\pregunta 1.csproj", "{B1B44BF9-CA0E-4BD4-9FCC-F86497721653}"
EndProject
Global
	GlobalSection(SolutionConfigurationPlatforms) = preSolution
		Debug|Any CPU = Debug|Any CPU
		Release|Any CPU = Release|Any CPU
	EndGlobalSection
	GlobalSection(ProjectConfigurationPlatforms) = postSolution
		{B1B44BF9-CA0E-4BD4-9FCC-F86497721653}.Debug|Any CPU.ActiveCfg = Debug|Any CPU
		{B1B44BF9-CA0E-4BD4-9FCC-F86497721653}.Debug|Any CPU.Build.0 = Debug|Any CPU
		{B1B44BF9-CA0E-4BD4-9FCC-F86497721653}.Release|Any CPU.ActiveCfg = Release|Any CPU
		{B1B44BF9-CA0E-4BD4-9FCC-F86497721653}.Release|Any CPU.Build.0 = Release|Any CPU
	EndGlobalSection
	GlobalSection(SolutionProperties) = preSolution
		HideSolutionNode = FALSE
	EndGlobalSection
	GlobalSection(ExtensibilityGlobals) = postSolution
		SolutionGuid = {93A9B84F-FAEB-4A4F-B1D8-A884345F4C86}
	EndGlobalSection
EndGlobal
