
Microsoft Visual Studio Solution File, Format Version 12.00
# Visual Studio Version 17
VisualStudioVersion = 17.9.34728.123
MinimumVisualStudioVersion = 10.0.40219.1
Project("{FAE04EC0-301F-11D3-BF4B-00C04F79EFBC}") = "pregunta15", "pregunta15\pregunta15.csproj", "{E7C2F4FD-C6A4-4D73-9617-2753A74ED834}"
EndProject
Global
	GlobalSection(SolutionConfigurationPlatforms) = preSolution
		Debug|Any CPU = Debug|Any CPU
		Release|Any CPU = Release|Any CPU
	EndGlobalSection
	GlobalSection(ProjectConfigurationPlatforms) = postSolution
		{E7C2F4FD-C6A4-4D73-9617-2753A74ED834}.Debug|Any CPU.ActiveCfg = Debug|Any CPU
		{E7C2F4FD-C6A4-4D73-9617-2753A74ED834}.Debug|Any CPU.Build.0 = Debug|Any CPU
		{E7C2F4FD-C6A4-4D73-9617-2753A74ED834}.Release|Any CPU.ActiveCfg = Release|Any CPU
		{E7C2F4FD-C6A4-4D73-9617-2753A74ED834}.Release|Any CPU.Build.0 = Release|Any CPU
	EndGlobalSection
	GlobalSection(SolutionProperties) = preSolution
		HideSolutionNode = FALSE
	EndGlobalSection
	GlobalSection(ExtensibilityGlobals) = postSolution
		SolutionGuid = {3415C475-65FB-4F84-A2CF-9EF2F9927A1C}
	EndGlobalSection
EndGlobal
