
Microsoft Visual Studio Solution File, Format Version 12.00
# Visual Studio Version 17
VisualStudioVersion = 17.9.34728.123
MinimumVisualStudioVersion = 10.0.40219.1
Project("{FAE04EC0-301F-11D3-BF4B-00C04F79EFBC}") = "pregunta3", "pregunta3\pregunta3.csproj", "{12507B5E-59AE-4D30-AAB7-E92D59CCFD9F}"
EndProject
Global
	GlobalSection(SolutionConfigurationPlatforms) = preSolution
		Debug|Any CPU = Debug|Any CPU
		Release|Any CPU = Release|Any CPU
	EndGlobalSection
	GlobalSection(ProjectConfigurationPlatforms) = postSolution
		{12507B5E-59AE-4D30-AAB7-E92D59CCFD9F}.Debug|Any CPU.ActiveCfg = Debug|Any CPU
		{12507B5E-59AE-4D30-AAB7-E92D59CCFD9F}.Debug|Any CPU.Build.0 = Debug|Any CPU
		{12507B5E-59AE-4D30-AAB7-E92D59CCFD9F}.Release|Any CPU.ActiveCfg = Release|Any CPU
		{12507B5E-59AE-4D30-AAB7-E92D59CCFD9F}.Release|Any CPU.Build.0 = Release|Any CPU
	EndGlobalSection
	GlobalSection(SolutionProperties) = preSolution
		HideSolutionNode = FALSE
	EndGlobalSection
	GlobalSection(ExtensibilityGlobals) = postSolution
		SolutionGuid = {2A583194-D650-4A76-99A4-10AAC62EBBB7}
	EndGlobalSection
EndGlobal
