
Microsoft Visual Studio Solution File, Format Version 12.00
# Visual Studio Version 17
VisualStudioVersion = 17.9.34728.123
MinimumVisualStudioVersion = 10.0.40219.1
Project("{FAE04EC0-301F-11D3-BF4B-00C04F79EFBC}") = "pregunta16", "pregunta16\pregunta16.csproj", "{54DA5B66-DA5C-4E2F-AB06-A466A34AC61B}"
EndProject
Global
	GlobalSection(SolutionConfigurationPlatforms) = preSolution
		Debug|Any CPU = Debug|Any CPU
		Release|Any CPU = Release|Any CPU
	EndGlobalSection
	GlobalSection(ProjectConfigurationPlatforms) = postSolution
		{54DA5B66-DA5C-4E2F-AB06-A466A34AC61B}.Debug|Any CPU.ActiveCfg = Debug|Any CPU
		{54DA5B66-DA5C-4E2F-AB06-A466A34AC61B}.Debug|Any CPU.Build.0 = Debug|Any CPU
		{54DA5B66-DA5C-4E2F-AB06-A466A34AC61B}.Release|Any CPU.ActiveCfg = Release|Any CPU
		{54DA5B66-DA5C-4E2F-AB06-A466A34AC61B}.Release|Any CPU.Build.0 = Release|Any CPU
	EndGlobalSection
	GlobalSection(SolutionProperties) = preSolution
		HideSolutionNode = FALSE
	EndGlobalSection
	GlobalSection(ExtensibilityGlobals) = postSolution
		SolutionGuid = {6CBF81AE-7357-4E6D-A845-067B359134BC}
	EndGlobalSection
EndGlobal
