
Microsoft Visual Studio Solution File, Format Version 12.00
# Visual Studio Version 17
VisualStudioVersion = 17.9.34728.123
MinimumVisualStudioVersion = 10.0.40219.1
Project("{FAE04EC0-301F-11D3-BF4B-00C04F79EFBC}") = "pregunta12", "pregunta12\pregunta12.csproj", "{24C976AC-6356-4841-AE3D-7017D104B5E8}"
EndProject
Global
	GlobalSection(SolutionConfigurationPlatforms) = preSolution
		Debug|Any CPU = Debug|Any CPU
		Release|Any CPU = Release|Any CPU
	EndGlobalSection
	GlobalSection(ProjectConfigurationPlatforms) = postSolution
		{24C976AC-6356-4841-AE3D-7017D104B5E8}.Debug|Any CPU.ActiveCfg = Debug|Any CPU
		{24C976AC-6356-4841-AE3D-7017D104B5E8}.Debug|Any CPU.Build.0 = Debug|Any CPU
		{24C976AC-6356-4841-AE3D-7017D104B5E8}.Release|Any CPU.ActiveCfg = Release|Any CPU
		{24C976AC-6356-4841-AE3D-7017D104B5E8}.Release|Any CPU.Build.0 = Release|Any CPU
	EndGlobalSection
	GlobalSection(SolutionProperties) = preSolution
		HideSolutionNode = FALSE
	EndGlobalSection
	GlobalSection(ExtensibilityGlobals) = postSolution
		SolutionGuid = {FB64F857-CBB0-48FC-9254-98133DA24547}
	EndGlobalSection
EndGlobal
